{
  "name": "rxjs-demo",
  "version": "1.0.0",
  "lockfileVersion": 1,
  "requires": true,
  "dependencies": {
    "@types/node": {
      "version": "14.0.27",
      "resolved": "https://registry.npm.taobao.org/@types/node/download/@types/node-14.0.27.tgz?cache=0&sync_timestamp=1595999019254&other_urls=https%3A%2F%2Fregistry.npm.taobao.org%2F%40types%2Fnode%2Fdownload%2F%40types%2Fnode-14.0.27.tgz",
      "integrity": "sha1-oVGHOvWl6FG1GzsGXJ5jOQqeDrE=",
      "dev": true
    },
    "arg": {
      "version": "4.1.3",
      "resolved": "https://registry.npm.taobao.org/arg/download/arg-4.1.3.tgz",
      "integrity": "sha1-Jp/HrVuOQstjyJbVZmAXJhwUQIk=",
      "dev": true
    },
    "axios": {
      "version": "0.19.2",
      "resolved": "https://registry.npm.taobao.org/axios/download/axios-0.19.2.tgz?cache=0&sync_timestamp=1594827610645&other_urls=https%3A%2F%2Fregistry.npm.taobao.org%2Faxios%2Fdownload%2Faxios-0.19.2.tgz",
      "integrity": "sha1-PqNsXYgY0NX4qKl6bTa4bNwAyyc=",
      "dev": true,
      "requires": {
        "follow-redirects": "1.5.10"
      }
    },
    "buffer-from": {
      "version": "1.1.1",
      "resolved": "https://registry.npm.taobao.org/buffer-from/download/buffer-from-1.1.1.tgz",
      "integrity": "sha1-MnE7wCj3XAL9txDXx7zsHyxgcO8=",
      "dev": true
    },
    "debug": {
      "version": "3.1.0",
      "resolved": "https://registry.npm.taobao.org/debug/download/debug-3.1.0.tgz",
      "integrity": "sha1-W7WgZyYotkFJVmuhaBnmFRjGcmE=",
      "dev": true,
      "requires": {
        "ms": "2.0.0"
      }
    },
    "diff": {
      "version": "4.0.2",
      "resolved": "https://registry.npm.taobao.org/diff/download/diff-4.0.2.tgz?cache=0&sync_timestamp=1578918306878&other_urls=https%3A%2F%2Fregistry.npm.taobao.org%2Fdiff%2Fdownload%2Fdiff-4.0.2.tgz",
      "integrity": "sha1-YPOuy4nV+uUgwRqhnvwruYKq3n0=",
      "dev": true
    },
    "follow-redirects": {
      "version": "1.5.10",
      "resolved": "https://registry.npm.taobao.org/follow-redirects/download/follow-redirects-1.5.10.tgz?cache=0&sync_timestamp=1592518278637&other_urls=https%3A%2F%2Fregistry.npm.taobao.org%2Ffollow-redirects%2Fdownload%2Ffollow-redirects-1.5.10.tgz",
      "integrity": "sha1-e3qfmuov3/NnhqlP9kPtB/T/Xio=",
      "dev": true,
      "requires": {
        "debug": "=3.1.0"
      }
    },
    "make-error": {
      "version": "1.3.6",
      "resolved": "https://registry.npm.taobao.org/make-error/download/make-error-1.3.6.tgz?cache=0&sync_timestamp=1582106154960&other_urls=https%3A%2F%2Fregistry.npm.taobao.org%2Fmake-error%2Fdownload%2Fmake-error-1.3.6.tgz",
      "integrity": "sha1-LrLjfqm2fEiR9oShOUeZr0hM96I=",
      "dev": true
    },
    "ms": {
      "version": "2.0.0",
      "resolved": "https://registry.npm.taobao.org/ms/download/ms-2.0.0.tgz",
      "integrity": "sha1-VgiurfwAvmwpAd9fmGF4jeDVl8g=",
      "dev": true
    },
    "rxjs": {
      "version": "6.6.0",
      "resolved": "https://registry.npm.taobao.org/rxjs/download/rxjs-6.6.0.tgz",
      "integrity": "sha1-rykB7t8C46g/+n+IYkD/kBi77IQ=",
      "requires": {
        "tslib": "^1.9.0"
      }
    },
    "source-map": {
      "version": "0.6.1",
      "resolved": "https://registry.npm.taobao.org/source-map/download/source-map-0.6.1.tgz",
      "integrity": "sha1-dHIq8y6WFOnCh6jQu95IteLxomM=",
      "dev": true
    },
    "source-map-support": {
      "version": "0.5.19",
      "resolved": "https://registry.npm.taobao.org/source-map-support/download/source-map-support-0.5.19.tgz?cache=0&sync_timestamp=1587719517036&other_urls=https%3A%2F%2Fregistry.npm.taobao.org%2Fsource-map-support%2Fdownload%2Fsource-map-support-0.5.19.tgz",
      "integrity": "sha1-qYti+G3K9PZzmWSMCFKRq56P7WE=",
      "dev": true,
      "requires": {
        "buffer-from": "^1.0.0",
        "source-map": "^0.6.0"
      }
    },
    "ts-node": {
      "version": "8.10.2",
      "resolved": "https://registry.npm.taobao.org/ts-node/download/ts-node-8.10.2.tgz?cache=0&sync_timestamp=1590685779800&other_urls=https%3A%2F%2Fregistry.npm.taobao.org%2Fts-node%2Fdownload%2Fts-node-8.10.2.tgz",
      "integrity": "sha1-7uA3ZGM7EjTd03+NuewQt17H+40=",
      "dev": true,
      "requires": {
        "arg": "^4.1.0",
        "diff": "^4.0.1",
        "make-error": "^1.1.1",
        "source-map-support": "^0.5.17",
        "yn": "3.1.1"
      }
    },
    "tslib": {
      "version": "1.13.0",
      "resolved": "https://registry.npm.taobao.org/tslib/download/tslib-1.13.0.tgz",
      "integrity": "sha1-yIHhPMcBWJTtkUhi0nZDb6mkcEM="
    },
    "typescript": {
      "version": "3.9.7",
      "resolved": "https://registry.npm.taobao.org/typescript/download/typescript-3.9.7.tgz?cache=0&sync_timestamp=1596005305396&other_urls=https%3A%2F%2Fregistry.npm.taobao.org%2Ftypescript%2Fdownload%2Ftypescript-3.9.7.tgz",
      "integrity": "sha1-mNYApevcOPQMsndSLxLcgA6eJfo=",
      "dev": true
    },
    "yn": {
      "version": "3.1.1",
      "resolved": "https://registry.npm.taobao.org/yn/download/yn-3.1.1.tgz",
      "integrity": "sha1-HodAGgnXZ8HV6rJqbkwYUYLS61A=",
      "dev": true
    }
  }
}
